
Microsoft Visual Studio Solution File, Format Version 12.00
# Visual Studio Version 17
VisualStudioVersion = 17.6.33815.320
MinimumVisualStudioVersion = 10.0.40219.1
Project("{9A19103F-16F7-4668-BE54-9A1E7A4F7556}") = "MineMaster.Server", "MineMaster\Server\MineMaster.Server.csproj", "{7F5C2191-2DE2-4E02-8E56-F7256945BD3B}"
EndProject
Project("{9A19103F-16F7-4668-BE54-9A1E7A4F7556}") = "MineMaster.Client", "MineMaster\Client\MineMaster.Client.csproj", "{C7010C7D-7B95-4DBA-A444-EF18DA40C24B}"
EndProject
Project("{9A19103F-16F7-4668-BE54-9A1E7A4F7556}") = "MineMaster.Shared", "MineMaster\Shared\MineMaster.Shared.csproj", "{941B548C-2305-4214-9B00-792BA38E6CDD}"
EndProject
Global
	GlobalSection(SolutionConfigurationPlatforms) = preSolution
		Debug|Any CPU = Debug|Any CPU
		Release|Any CPU = Release|Any CPU
	EndGlobalSection
	GlobalSection(ProjectConfigurationPlatforms) = postSolution
		{7F5C2191-2DE2-4E02-8E56-F7256945BD3B}.Debug|Any CPU.ActiveCfg = Debug|Any CPU
		{7F5C2191-2DE2-4E02-8E56-F7256945BD3B}.Debug|Any CPU.Build.0 = Debug|Any CPU
		{7F5C2191-2DE2-4E02-8E56-F7256945BD3B}.Release|Any CPU.ActiveCfg = Release|Any CPU
		{7F5C2191-2DE2-4E02-8E56-F7256945BD3B}.Release|Any CPU.Build.0 = Release|Any CPU
		{C7010C7D-7B95-4DBA-A444-EF18DA40C24B}.Debug|Any CPU.ActiveCfg = Debug|Any CPU
		{C7010C7D-7B95-4DBA-A444-EF18DA40C24B}.Debug|Any CPU.Build.0 = Debug|Any CPU
		{C7010C7D-7B95-4DBA-A444-EF18DA40C24B}.Release|Any CPU.ActiveCfg = Release|Any CPU
		{C7010C7D-7B95-4DBA-A444-EF18DA40C24B}.Release|Any CPU.Build.0 = Release|Any CPU
		{941B548C-2305-4214-9B00-792BA38E6CDD}.Debug|Any CPU.ActiveCfg = Debug|Any CPU
		{941B548C-2305-4214-9B00-792BA38E6CDD}.Debug|Any CPU.Build.0 = Debug|Any CPU
		{941B548C-2305-4214-9B00-792BA38E6CDD}.Release|Any CPU.ActiveCfg = Release|Any CPU
		{941B548C-2305-4214-9B00-792BA38E6CDD}.Release|Any CPU.Build.0 = Release|Any CPU
	EndGlobalSection
	GlobalSection(SolutionProperties) = preSolution
		HideSolutionNode = FALSE
	EndGlobalSection
	GlobalSection(ExtensibilityGlobals) = postSolution
		SolutionGuid = {2A528D9D-497F-4526-8436-32F7A5D531F3}
	EndGlobalSection
EndGlobal
